Microsoft Visual Studio Solution File, Format Version 12.00
# Visual Studio Version 17
VisualStudioVersion = 17.6.33815.320
MinimumVisualStudioVersion = 10.0.40219.1
Project("{9A19103F-16F7-4668-BE54-9A1E7A4F7556}") = "Infinity.Toolkit", "src\Infinity.Toolkit\Infinity.Toolkit.csproj", "{16C56631-28E6-4254-B248-61D0D8F338FB}"
EndProject
Project("{2150E333-8FDC-42A3-9474-1A3956D46DE8}") = "src", "src", "{FE5B1A6C-B3A0-4074-81FD-F799A031102F}"
EndProject
Project("{9A19103F-16F7-4668-BE54-9A1E7A4F7556}") = "MediatorSample", "samples\MediatorSample\MediatorSample.csproj", "{FE3D529E-7955-476B-90F5-A87A71A2E8DD}"
EndProject
Project("{2150E333-8FDC-42A3-9474-1A3956D46DE8}") = "samples", "samples", "{E93DA4F4-345E-4567-BFB8-52FADCB86917}"
EndProject
Project("{9A19103F-16F7-4668-BE54-9A1E7A4F7556}") = "FeatureModulesSample", "samples\FeatureModulesSample\FeatureModulesSample.csproj", "{AB123FED-C2DB-43CD-A7FE-EF4B31D3DDD0}"
EndProject
Project("{9A19103F-16F7-4668-BE54-9A1E7A4F7556}") = "FeatureModulesSample.Module1", "samples\FeatureModulesSample.Module1\FeatureModulesSample.Module1.csproj", "{7D6D0DF2-951D-4EFD-B0A9-FC8B8BEFD365}"
EndProject
Project("{FAE04EC0-301F-11D3-BF4B-00C04F79EFBC}") = "ConsoleLoggingFormatterSample", "samples\ConsoleLoggingFormatterSample\ConsoleLoggingFormatterSample.csproj", "{2CD6C936-057F-470E-8845-A91A22BF2CD8}"
EndProject
Project("{FAE04EC0-301F-11D3-BF4B-00C04F79EFBC}") = "Infinity.Toolkit.FeatureModules", "src\Infinity.Toolkit.FeatureModules\Infinity.Toolkit.FeatureModules.csproj", "{6BF946B8-B250-48FE-99EA-4A3AF7EDEE2A}"
EndProject
Project("{FAE04EC0-301F-11D3-BF4B-00C04F79EFBC}") = "Infinity.Toolkit.LogFormatter", "src\Infinity.Toolkit.LogFormatter\Infinity.Toolkit.LogFormatter.csproj", "{EDCA43C3-7303-466A-A9F1-954FE33B1920}"
EndProject
Project("{FAE04EC0-301F-11D3-BF4B-00C04F79EFBC}") = "Infinity.Toolkit.Slack", "src\Infinity.Toolkit.Slack\Infinity.Toolkit.Slack.csproj", "{EDD2321C-4A9E-4678-9B00-43EE86D774FE}"
EndProject
Project("{FAE04EC0-301F-11D3-BF4B-00C04F79EFBC}") = "SlackMessageBuilder", "samples\SlackMessageBuilder\SlackMessageBuilder.csproj", "{EA3ADDB3-E77F-4AB7-B4FE-89A04D519F4A}"
EndProject
Project("{FAE04EC0-301F-11D3-BF4B-00C04F79EFBC}") = "Infinity.Toolkit.Experimental", "src\Infinity.Toolkit.Experimental\Infinity.Toolkit.Experimental.csproj", "{23A73C55-36A2-44F7-B75B-520AFF5C5C46}"
EndProject
Project("{FAE04EC0-301F-11D3-BF4B-00C04F79EFBC}") = "Infinity.Toolkit.Azure", "src\Infinity.Toolkit.Azure\Infinity.Toolkit.Azure.csproj", "{71D6D75F-97AF-41CA-A986-7BBAC0F791B5}"
EndProject
Project("{FAE04EC0-301F-11D3-BF4B-00C04F79EFBC}") = "Infinity.Toolkit.TestUtils", "src\Infinity.Toolkit.TestUtils\Infinity.Toolkit.TestUtils.csproj", "{DE7E0862-0ED5-2819-6DBB-39738980A912}"
EndProject
Project("{2150E333-8FDC-42A3-9474-1A3956D46DE8}") = "tests", "tests", "{02EA681E-C7D8-13C7-8484-4AC65E1B71E8}"
EndProject
Project("{FAE04EC0-301F-11D3-BF4B-00C04F79EFBC}") = "Infinity.Toolkit.Tests", "tests\Infinity.Toolkit.Tests\Infinity.Toolkit.Tests.csproj", "{FE5D6722-33D0-4E3F-B908-B5CE85986938}"
EndProject
Global
	GlobalSection(SolutionConfigurationPlatforms) = preSolution
		Debug|Any CPU = Debug|Any CPU
		Release|Any CPU = Release|Any CPU
	EndGlobalSection
	GlobalSection(ProjectConfigurationPlatforms) = postSolution
		{16C56631-28E6-4254-B248-61D0D8F338FB}.Debug|Any CPU.ActiveCfg = Debug|Any CPU
		{16C56631-28E6-4254-B248-61D0D8F338FB}.Debug|Any CPU.Build.0 = Debug|Any CPU
		{16C56631-28E6-4254-B248-61D0D8F338FB}.Release|Any CPU.ActiveCfg = Release|Any CPU
		{16C56631-28E6-4254-B248-61D0D8F338FB}.Release|Any CPU.Build.0 = Release|Any CPU
		{FE3D529E-7955-476B-90F5-A87A71A2E8DD}.Debug|Any CPU.ActiveCfg = Debug|Any CPU
		{FE3D529E-7955-476B-90F5-A87A71A2E8DD}.Debug|Any CPU.Build.0 = Debug|Any CPU
		{FE3D529E-7955-476B-90F5-A87A71A2E8DD}.Release|Any CPU.ActiveCfg = Release|Any CPU
		{FE3D529E-7955-476B-90F5-A87A71A2E8DD}.Release|Any CPU.Build.0 = Release|Any CPU
		{AB123FED-C2DB-43CD-A7FE-EF4B31D3DDD0}.Debug|Any CPU.ActiveCfg = Debug|Any CPU
		{AB123FED-C2DB-43CD-A7FE-EF4B31D3DDD0}.Debug|Any CPU.Build.0 = Debug|Any CPU
		{AB123FED-C2DB-43CD-A7FE-EF4B31D3DDD0}.Release|Any CPU.ActiveCfg = Release|Any CPU
		{AB123FED-C2DB-43CD-A7FE-EF4B31D3DDD0}.Release|Any CPU.Build.0 = Release|Any CPU
		{7D6D0DF2-951D-4EFD-B0A9-FC8B8BEFD365}.Debug|Any CPU.ActiveCfg = Debug|Any CPU
		{7D6D0DF2-951D-4EFD-B0A9-FC8B8BEFD365}.Debug|Any CPU.Build.0 = Debug|Any CPU
		{7D6D0DF2-951D-4EFD-B0A9-FC8B8BEFD365}.Release|Any CPU.ActiveCfg = Release|Any CPU
		{7D6D0DF2-951D-4EFD-B0A9-FC8B8BEFD365}.Release|Any CPU.Build.0 = Release|Any CPU
		{2CD6C936-057F-470E-8845-A91A22BF2CD8}.Debug|Any CPU.ActiveCfg = Debug|Any CPU
		{2CD6C936-057F-470E-8845-A91A22BF2CD8}.Debug|Any CPU.Build.0 = Debug|Any CPU
		{2CD6C936-057F-470E-8845-A91A22BF2CD8}.Release|Any CPU.ActiveCfg = Release|Any CPU
		{2CD6C936-057F-470E-8845-A91A22BF2CD8}.Release|Any CPU.Build.0 = Release|Any CPU
		{6BF946B8-B250-48FE-99EA-4A3AF7EDEE2A}.Debug|Any CPU.ActiveCfg = Debug|Any CPU
		{6BF946B8-B250-48FE-99EA-4A3AF7EDEE2A}.Debug|Any CPU.Build.0 = Debug|Any CPU
		{6BF946B8-B250-48FE-99EA-4A3AF7EDEE2A}.Release|Any CPU.ActiveCfg = Release|Any CPU
		{6BF946B8-B250-48FE-99EA-4A3AF7EDEE2A}.Release|Any CPU.Build.0 = Release|Any CPU
		{EDCA43C3-7303-466A-A9F1-954FE33B1920}.Debug|Any CPU.ActiveCfg = Debug|Any CPU
		{EDCA43C3-7303-466A-A9F1-954FE33B1920}.Debug|Any CPU.Build.0 = Debug|Any CPU
		{EDCA43C3-7303-466A-A9F1-954FE33B1920}.Release|Any CPU.ActiveCfg = Release|Any CPU
		{EDCA43C3-7303-466A-A9F1-954FE33B1920}.Release|Any CPU.Build.0 = Release|Any CPU
		{EDD2321C-4A9E-4678-9B00-43EE86D774FE}.Debug|Any CPU.ActiveCfg = Debug|Any CPU
		{EDD2321C-4A9E-4678-9B00-43EE86D774FE}.Debug|Any CPU.Build.0 = Debug|Any CPU
		{EDD2321C-4A9E-4678-9B00-43EE86D774FE}.Release|Any CPU.ActiveCfg = Release|Any CPU
		{EDD2321C-4A9E-4678-9B00-43EE86D774FE}.Release|Any CPU.Build.0 = Release|Any CPU
		{EA3ADDB3-E77F-4AB7-B4FE-89A04D519F4A}.Debug|Any CPU.ActiveCfg = Debug|Any CPU
		{EA3ADDB3-E77F-4AB7-B4FE-89A04D519F4A}.Debug|Any CPU.Build.0 = Debug|Any CPU
		{EA3ADDB3-E77F-4AB7-B4FE-89A04D519F4A}.Release|Any CPU.ActiveCfg = Release|Any CPU
		{EA3ADDB3-E77F-4AB7-B4FE-89A04D519F4A}.Release|Any CPU.Build.0 = Release|Any CPU
		{23A73C55-36A2-44F7-B75B-520AFF5C5C46}.Debug|Any CPU.ActiveCfg = Debug|Any CPU
		{23A73C55-36A2-44F7-B75B-520AFF5C5C46}.Debug|Any CPU.Build.0 = Debug|Any CPU
		{23A73C55-36A2-44F7-B75B-520AFF5C5C46}.Release|Any CPU.ActiveCfg = Release|Any CPU
		{23A73C55-36A2-44F7-B75B-520AFF5C5C46}.Release|Any CPU.Build.0 = Release|Any CPU
		{71D6D75F-97AF-41CA-A986-7BBAC0F791B5}.Debug|Any CPU.ActiveCfg = Debug|Any CPU
		{71D6D75F-97AF-41CA-A986-7BBAC0F791B5}.Debug|Any CPU.Build.0 = Debug|Any CPU
		{71D6D75F-97AF-41CA-A986-7BBAC0F791B5}.Release|Any CPU.ActiveCfg = Release|Any CPU
		{71D6D75F-97AF-41CA-A986-7BBAC0F791B5}.Release|Any CPU.Build.0 = Release|Any CPU
		{DE7E0862-0ED5-2819-6DBB-39738980A912}.Debug|Any CPU.ActiveCfg = Debug|Any CPU
		{DE7E0862-0ED5-2819-6DBB-39738980A912}.Debug|Any CPU.Build.0 = Debug|Any CPU
		{DE7E0862-0ED5-2819-6DBB-39738980A912}.Release|Any CPU.ActiveCfg = Release|Any CPU
		{DE7E0862-0ED5-2819-6DBB-39738980A912}.Release|Any CPU.Build.0 = Release|Any CPU
		{FE5D6722-33D0-4E3F-B908-B5CE85986938}.Debug|Any CPU.ActiveCfg = Debug|Any CPU
		{FE5D6722-33D0-4E3F-B908-B5CE85986938}.Debug|Any CPU.Build.0 = Debug|Any CPU
		{FE5D6722-33D0-4E3F-B908-B5CE85986938}.Release|Any CPU.ActiveCfg = Release|Any CPU
		{FE5D6722-33D0-4E3F-B908-B5CE85986938}.Release|Any CPU.Build.0 = Release|Any CPU
	EndGlobalSection
	GlobalSection(SolutionProperties) = preSolution
		HideSolutionNode = FALSE
	EndGlobalSection
	GlobalSection(NestedProjects) = preSolution
		{16C56631-28E6-4254-B248-61D0D8F338FB} = {FE5B1A6C-B3A0-4074-81FD-F799A031102F}
		{FE3D529E-7955-476B-90F5-A87A71A2E8DD} = {E93DA4F4-345E-4567-BFB8-52FADCB86917}
		{AB123FED-C2DB-43CD-A7FE-EF4B31D3DDD0} = {E93DA4F4-345E-4567-BFB8-52FADCB86917}
		{7D6D0DF2-951D-4EFD-B0A9-FC8B8BEFD365} = {E93DA4F4-345E-4567-BFB8-52FADCB86917}
		{2CD6C936-057F-470E-8845-A91A22BF2CD8} = {E93DA4F4-345E-4567-BFB8-52FADCB86917}
		{6BF946B8-B250-48FE-99EA-4A3AF7EDEE2A} = {FE5B1A6C-B3A0-4074-81FD-F799A031102F}
		{EDCA43C3-7303-466A-A9F1-954FE33B1920} = {FE5B1A6C-B3A0-4074-81FD-F799A031102F}
		{EDD2321C-4A9E-4678-9B00-43EE86D774FE} = {FE5B1A6C-B3A0-4074-81FD-F799A031102F}
		{EA3ADDB3-E77F-4AB7-B4FE-89A04D519F4A} = {E93DA4F4-345E-4567-BFB8-52FADCB86917}
		{23A73C55-36A2-44F7-B75B-520AFF5C5C46} = {FE5B1A6C-B3A0-4074-81FD-F799A031102F}
		{71D6D75F-97AF-41CA-A986-7BBAC0F791B5} = {FE5B1A6C-B3A0-4074-81FD-F799A031102F}
		{DE7E0862-0ED5-2819-6DBB-39738980A912} = {FE5B1A6C-B3A0-4074-81FD-F799A031102F}
		{FE5D6722-33D0-4E3F-B908-B5CE85986938} = {02EA681E-C7D8-13C7-8484-4AC65E1B71E8}
	EndGlobalSection
	GlobalSection(ExtensibilityGlobals) = postSolution
		SolutionGuid = {554AD750-3673-46A0-B2BA-8A2B8A7B4569}
	EndGlobalSection
EndGlobal
